
Microsoft Visual Studio Solution File, Format Version 12.00
# Visual Studio Version 16
VisualStudioVersion = 16.0.31729.503
MinimumVisualStudioVersion = 10.0.40219.1
Project("{FAE04EC0-301F-11D3-BF4B-00C04F79EFBC}") = "GitDemo", "GitDemo\GitDemo.csproj", "{A7769D69-AF01-403C-82A9-6BFFE611B5D3}"
EndProject
Global
	GlobalSection(SolutionConfigurationPlatforms) = preSolution
		Debug|Any CPU = Debug|Any CPU
		Release|Any CPU = Release|Any CPU
	EndGlobalSection
	GlobalSection(ProjectConfigurationPlatforms) = postSolution
		{A7769D69-AF01-403C-82A9-6BFFE611B5D3}.Debug|Any CPU.ActiveCfg = Debug|Any CPU
		{A7769D69-AF01-403C-82A9-6BFFE611B5D3}.Debug|Any CPU.Build.0 = Debug|Any CPU
		{A7769D69-AF01-403C-82A9-6BFFE611B5D3}.Release|Any CPU.ActiveCfg = Release|Any CPU
		{A7769D69-AF01-403C-82A9-6BFFE611B5D3}.Release|Any CPU.Build.0 = Release|Any CPU
	EndGlobalSection
	GlobalSection(SolutionProperties) = preSolution
		HideSolutionNode = FALSE
	EndGlobalSection
	GlobalSection(ExtensibilityGlobals) = postSolution
		SolutionGuid = {60D3F5C0-BC4F-4B1C-9BA9-8B50913712CA}
	EndGlobalSection
EndGlobal
